version = 1
revision = 3
requires-python = "==3.13.*"

[[package]]
name = "annotated-doc"
version = "0.0.5"
source = { registry = "https://pypi.org/simple" }
sdist = { url = "https://files.pythonhosted.org/packages/5a/8e/38aa427ed5402449e226975b649c5dc73ccadfefeb95e6aecb8f8ea4b6b6/annotated_doc-0.0.5.tar.gz", hash = "sha256:c7e58ce09192557605d8bbd92836d7e1d520ac9580096042c0bfd197efacf1bb", size = 10758, upload-time = "2026-07-28T13:50:58.129Z" }
wheels = [
    { url = "https://files.pythonhosted.org/packages/3e/30/e900b21425a860e195f32e37657aa1f7c7f2b1bfb26f03ca209b90933c06/annotated_doc-0.0.5-py3-none-any.whl", hash = "sha256:117bac03a25ede5df5440e855b32d556049ca169ead221505badf432fed4b101", size = 5302, upload-time = "2026-07-28T13:50:57.239Z" },
]

[[package]]
name = "annotated-types"
version = "0.8.0"
source = { registry = "https://pypi.org/simple" }
sdist = { url = "https://files.pythonhosted.org/packages/5f/56/a8120250d128bed162cd73c76d45f6ef9991f3e068f62a8ee060afa3104a/annotated_types-0.8.0.tar.gz", hash = "sha256:13b2beaad985e05e2d6407ee4c4f35590b11f8d693a258a561055cac8f64cab7", size = 15893, upload-time = "2026-07-23T20:16:13.995Z" }
wheels = [
    { url = "https://files.pythonhosted.org/packages/99/91/8acff4f5e50511b911bbccb72b8628a49c68ce14148cd9f6431094859a90/annotated_types-0.8.0-py3-none-any.whl", hash = "sha256:f072f4d804ea359e4eaf198b1af7a8b0943881a87f31bb764f8bf219bb9419e0", size = 13427, upload-time = "2026-07-23T20:16:12.938Z" },
]

[[package]]
name = "anyio"
version = "4.14.2"
source = { registry = "https://pypi.org/simple" }
dependencies = [
    { name = "idna" },
]
sdist = { url = "https://files.pythonhosted.org/packages/61/cc/a381afa6efea9f496eff839d4a6a1aed3bfafc7b3ab4b0d1b243a12573dd/anyio-4.14.2.tar.gz", hash = "sha256:cfa139f3ed1a23ee8f88a145ddb5ac7605b8bbfd8592baacd7ce3d8bb4313c7f", size = 260176, upload-time = "2026-07-12T20:29:07.082Z" }
wheels = [
    { url = "https://files.pythonhosted.org/packages/da/35/f2287558c17e29fafc8ef3daf819bb9834061cfa43bff8014f7df7f63bdc/anyio-4.14.2-py3-none-any.whl", hash = "sha256:9f505dda5ac9f0c8309b5e8bd445a8c2bf7246f3ce950121e45ea15bc41d1494", size = 125813, upload-time = "2026-07-12T20:29:05.763Z" },
]

[[package]]
name = "begamer-cloudflare"
version = "0.1.0"
source = { virtual = "." }
dependencies = [
    { name = "fastapi" },
    { name = "httpx" },
    { name = "pydantic" },
]

[package.dev-dependencies]
dev = [
    { name = "pytest" },
    { name = "pytest-asyncio" },
    { name = "ruff" },
    { name = "workers-py" },
    { name = "workers-runtime-sdk" },
]

[package.metadata]
requires-dist = [
    { name = "fastapi", specifier = ">=0.116.1" },
    { name = "httpx", specifier = ">=0.28.1" },
    { name = "pydantic", specifier = "==2.10.6" },
]

[package.metadata.requires-dev]
dev = [
    { name = "pytest", specifier = ">=8.4.1" },
    { name = "pytest-asyncio", specifier = ">=1.1.0" },
    { name = "ruff", specifier = ">=0.12.9" },
    { name = "workers-py", specifier = ">=1.16.4" },
    { name = "workers-runtime-sdk", specifier = ">=0.4.0" },
]

[[package]]
name = "certifi"
version = "2026.7.22"
source = { registry = "https://pypi.org/simple" }
sdist = { url = "https://files.pythonhosted.org/packages/a3/c2/24167ea9858356b47a87a50d39908bfdb72ceeefe0041586e704e5376b3a/certifi-2026.7.22.tar.gz", hash = "sha256:741e2c3b351ddf169a738da9f2c048608ff7f2c5cc02f1ebc6b118bb090d5d55", size = 138112, upload-time = "2026-07-22T03:35:12.644Z" }
wheels = [
    { url = "https://files.pythonhosted.org/packages/0b/a7/71ac2cff56fec219ed242bb11b8efb69fcc4bec75db06fb7bfe35de520e6/certifi-2026.7.22-py3-none-any.whl", hash = "sha256:62f22742b58a1a33014a2b6b706588a8d7e2a88ae7bd1a6ebe8c992928483775", size = 136983, upload-time = "2026-07-22T03:35:11.276Z" },
]

[[package]]
name = "click"
version = "8.4.2"
source = { registry = "https://pypi.org/simple" }
dependencies = [
    { name = "colorama", marker = "sys_platform == 'win32'" },
]
sdist = { url = "https://files.pythonhosted.org/packages/76/d4/81420972a676e8ffea40450d8c8c92943e7218a78fe9b64359836cc9876b/click-8.4.2.tar.gz", hash = "sha256:9a6cea6e60b17ebe0a44c5cc636d94f09bd66142c1cd7d8b4cd731c4917a15f6", size = 338000, upload-time = "2026-06-24T17:45:15.148Z" }
wheels = [
    { url = "https://files.pythonhosted.org/packages/fb/e2/79c688af8b210d232694e31e59da9f6ec747bae31c3f5946e4e9b98860d5/click-8.4.2-py3-none-any.whl", hash = "sha256:e6f9f66136c816745b9d65817da91d61d957fb16e02e4dcd0552553c5a197b76", size = 119243, upload-time = "2026-06-24T17:45:13.73Z" },
]

[[package]]
name = "colorama"
version = "0.4.6"
source = { registry = "https://pypi.org/simple" }
sdist = { url = "https://files.pythonhosted.org/packages/d8/53/6f443c9a4a8358a93a6792e2acffb9d9d5cb0a5cfd8802644b7b1c9a02e4/colorama-0.4.6.tar.gz", hash = "sha256:08695f5cb7ed6e0531a20572697297273c47b8cae5a63ffc6d6ed5c201be6e44", size = 27697, upload-time = "2022-10-25T02:36:22.414Z" }
wheels = [
    { url = "https://files.pythonhosted.org/packages/d1/d6/3965ed04c63042e047cb6a3e6ed1a63a35087b6a609aa3a15ed8ac56c221/colorama-0.4.6-py2.py3-none-any.whl", hash = "sha256:4f1d9991f5acc0ca119f9d443620b77f9d6b33703e51011c16baf57afb285fc6", size = 25335, upload-time = "2022-10-25T02:36:20.889Z" },
]

[[package]]
name = "fastapi"
version = "0.141.1"
source = { registry = "https://pypi.org/simple" }
dependencies = [
    { name = "annotated-doc" },
    { name = "pydantic" },
    { name = "starlette" },
    { name = "typing-extensions" },
    { name = "typing-inspection" },
]
sdist = { url = "https://files.pythonhosted.org/packages/8a/02/91e3416a8fdd715abb903a952a6bec7cdd8d14eed55d415fc8595524c319/fastapi-0.141.1.tar.gz", hash = "sha256:e8822fc40db1e1858054d7a949a888695bc9bdce70139178e33bd2871a453ca1", size = 425799, upload-time = "2026-07-29T17:18:05.568Z" }
wheels = [
    { url = "https://files.pythonhosted.org/packages/cb/03/10388a42375ee7e4ac9b94eb2c5c569c8b5795e377e701c9ac3ad63de890/fastapi-0.141.1-py3-none-any.whl", hash = "sha256:bfb91aa2d334c61cb35ba9a116fc123b3d3df31640b801cf57a7a78ec3f603b3", size = 131954, upload-time = "2026-07-29T17:18:04.364Z" },
]

[[package]]
name = "h11"
version = "0.16.0"
source = { registry = "https://pypi.org/simple" }
sdist = { url = "https://files.pythonhosted.org/packages/01/ee/02a2c011bdab74c6fb3c75474d40b3052059d95df7e73351460c8588d963/h11-0.16.0.tar.gz", hash = "sha256:4e35b956cf45792e4caa5885e69fba00bdbc6ffafbfa020300e549b208ee5ff1", size = 101250, upload-time = "2025-04-24T03:35:25.427Z" }
wheels = [
    { url = "https://files.pythonhosted.org/packages/04/4b/29cac41a4d98d144bf5f6d33995617b185d14b22401f75ca86f384e87ff1/h11-0.16.0-py3-none-any.whl", hash = "sha256:63cf8bbe7522de3bf65932fda1d9c2772064ffb3dae62d55932da54b31cb6c86", size = 37515, upload-time = "2025-04-24T03:35:24.344Z" },
]

[[package]]
name = "httpcore"
version = "1.0.9"
source = { registry = "https://pypi.org/simple" }
dependencies = [
    { name = "certifi" },
    { name = "h11" },
]
sdist = { url = "https://files.pythonhosted.org/packages/06/94/82699a10bca87a5556c9c59b5963f2d039dbd239f25bc2a63907a05a14cb/httpcore-1.0.9.tar.gz", hash = "sha256:6e34463af53fd2ab5d807f399a9b45ea31c3dfa2276f15a2c3f00afff6e176e8", size = 85484, upload-time = "2025-04-24T22:06:22.219Z" }
wheels = [
    { url = "https://files.pythonhosted.org/packages/7e/f5/f66802a942d491edb555dd61e3a9961140fd64c90bce1eafd741609d334d/httpcore-1.0.9-py3-none-any.whl", hash = "sha256:2d400746a40668fc9dec9810239072b40b4484b640a8c38fd654a024c7a1bf55", size = 78784, upload-time = "2025-04-24T22:06:20.566Z" },
]

[[package]]
name = "httpx"
version = "0.28.1"
source = { registry = "https://pypi.org/simple" }
dependencies = [
    { name = "anyio" },
    { name = "certifi" },
    { name = "httpcore" },
    { name = "idna" },
]
sdist = { url = "https://files.pythonhosted.org/packages/b1/df/48c586a5fe32a0f01324ee087459e112ebb7224f646c0b5023f5e79e9956/httpx-0.28.1.tar.gz", hash = "sha256:75e98c5f16b0f35b567856f597f06ff2270a374470a5c2392242528e3e3e42fc", size = 141406, upload-time = "2024-12-06T15:37:23.222Z" }
wheels = [
    { url = "https://files.pythonhosted.org/packages/2a/39/e50c7c3a983047577ee07d2a9e53faf5a69493943ec3f6a384bdc792deb2/httpx-0.28.1-py3-none-any.whl", hash = "sha256:d909fcccc110f8c7faf814ca82a9a4d816bc5a6dbfea25d6591d6985b8ba59ad", size = 73517, upload-time = "2024-12-06T15:37:21.509Z" },
]

[[package]]
name = "idna"
version = "3.18"
source = { registry = "https://pypi.org/simple" }
sdist = { url = "https://files.pythonhosted.org/packages/cd/63/9496c57188a2ee585e0f1db071d75089a11e98aa86eb99d9d7618fc1edce/idna-3.18.tar.gz", hash = "sha256:ffb385a7e039654cef1ab9ef32c6fafe283c0c0467bba1d9029738ce4a14a848", size = 196711, upload-time = "2026-06-02T14:34:07.794Z" }
wheels = [
    { url = "https://files.pythonhosted.org/packages/1e/5e/d4e9f1a599fb8e573b7b87160658329fbf28d19eac2718f51fc3def3aa5a/idna-3.18-py3-none-any.whl", hash = "sha256:7f952cbe720b688055e3f87de14f5c3e5fdaa8bc3928985c4077ca689de849a2", size = 65455, upload-time = "2026-06-02T14:34:06.319Z" },
]

[[package]]
name = "iniconfig"
version = "2.3.0"
source = { registry = "https://pypi.org/simple" }
sdist = { url = "https://files.pythonhosted.org/packages/72/34/14ca021ce8e5dfedc35312d08ba8bf51fdd999c576889fc2c24cb97f4f10/iniconfig-2.3.0.tar.gz", hash = "sha256:c76315c77db068650d49c5b56314774a7804df16fee4402c1f19d6d15d8c4730", size = 20503, upload-time = "2025-10-18T21:55:43.219Z" }
wheels = [
    { url = "https://files.pythonhosted.org/packages/cb/b1/3846dd7f199d53cb17f49cba7e651e9ce294d8497c8c150530ed11865bb8/iniconfig-2.3.0-py3-none-any.whl", hash = "sha256:f631c04d2c48c52b84d0d0549c99ff3859c98df65b3101406327ecc7d53fbf12", size = 7484, upload-time = "2025-10-18T21:55:41.639Z" },
]

[[package]]
name = "markdown-it-py"
version = "4.2.0"
source = { registry = "https://pypi.org/simple" }
dependencies = [
    { name = "mdurl" },
]
sdist = { url = "https://files.pythonhosted.org/packages/06/ff/7841249c247aa650a76b9ee4bbaeae59370dc8bfd2f6c01f3630c35eb134/markdown_it_py-4.2.0.tar.gz", hash = "sha256:04a21681d6fbb623de53f6f364d352309d4094dd4194040a10fd51833e418d49", size = 82454, upload-time = "2026-05-07T12:08:28.36Z" }
wheels = [
    { url = "https://files.pythonhosted.org/packages/b3/81/4da04ced5a082363ecfa159c010d200ecbd959ae410c10c0264a38cac0f5/markdown_it_py-4.2.0-py3-none-any.whl", hash = "sha256:9f7ebbcd14fe59494226453aed97c1070d83f8d24b6fc3a3bcf9a38092641c4a", size = 91687, upload-time = "2026-05-07T12:08:27.182Z" },
]

[[package]]
name = "mdurl"
version = "0.1.2"
source = { registry = "https://pypi.org/simple" }
sdist = { url = "https://files.pythonhosted.org/packages/d6/54/cfe61301667036ec958cb99bd3efefba235e65cdeb9c84d24a8293ba1d90/mdurl-0.1.2.tar.gz", hash = "sha256:bb413d29f5eea38f31dd4754dd7377d4465116fb207585f97bf925588687c1ba", size = 8729, upload-time = "2022-08-14T12:40:10.846Z" }
wheels = [
    { url = "https://files.pythonhosted.org/packages/b3/38/89ba8ad64ae25be8de66a6d463314cf1eb366222074cfda9ee839c56a4b4/mdurl-0.1.2-py3-none-any.whl", hash = "sha256:84008a41e51615a49fc9966191ff91509e3c40b939176e643fd50a5c2196b8f8", size = 9979, upload-time = "2022-08-14T12:40:09.779Z" },
]

[[package]]
name = "packaging"
version = "26.3"
source = { registry = "https://pypi.org/simple" }
sdist = { url = "https://files.pythonhosted.org/packages/7d/fa/3944b40b07da9ce895c0e6303a5ab7d53da063554f534556b134a54d6093/packaging-26.3.tar.gz", hash = "sha256:94edc256424af38762eb31306eed28beb9f0efc50a8837492c9d6fd6004aed79", size = 313412, upload-time = "2026-08-04T18:15:28.737Z" }
wheels = [
    { url = "https://files.pythonhosted.org/packages/63/34/ba1c580383c9eada3711951fef0795c80b829a078d72188184bcab9dd527/packaging-26.3-py3-none-any.whl", hash = "sha256:d7193f7c8e4e93f444fde0262bf90af30e16fa0ad0ad44cb553c87339b23cd1c", size = 129956, upload-time = "2026-08-04T18:15:27.159Z" },
]

[[package]]
name = "pluggy"
version = "1.6.0"
source = { registry = "https://pypi.org/simple" }
sdist = { url = "https://files.pythonhosted.org/packages/f9/e2/3e91f31a7d2b083fe6ef3fa267035b518369d9511ffab804f839851d2779/pluggy-1.6.0.tar.gz", hash = "sha256:7dcc130b76258d33b90f61b658791dede3486c3e6bfb003ee5c9bfb396dd22f3", size = 69412, upload-time = "2025-05-15T12:30:07.975Z" }
wheels = [
    { url = "https://files.pythonhosted.org/packages/54/20/4d324d65cc6d9205fabedc306948156824eb9f0ee1633355a8f7ec5c66bf/pluggy-1.6.0-py3-none-any.whl", hash = "sha256:e920276dd6813095e9377c0bc5566d94c932c33b27a3e3945d8389c374dd4746", size = 20538, upload-time = "2025-05-15T12:30:06.134Z" },
]

[[package]]
name = "pydantic"
version = "2.10.6"
source = { registry = "https://pypi.org/simple" }
dependencies = [
    { name = "annotated-types" },
    { name = "pydantic-core" },
    { name = "typing-extensions" },
]
sdist = { url = "https://files.pythonhosted.org/packages/b7/ae/d5220c5c52b158b1de7ca89fc5edb72f304a70a4c540c84c8844bf4008de/pydantic-2.10.6.tar.gz", hash = "sha256:ca5daa827cce33de7a42be142548b0096bf05a7e7b365aebfa5f8eeec7128236", size = 761681, upload-time = "2025-01-24T01:42:12.693Z" }
wheels = [
    { url = "https://files.pythonhosted.org/packages/f4/3c/8cc1cc84deffa6e25d2d0c688ebb80635dfdbf1dbea3e30c541c8cf4d860/pydantic-2.10.6-py3-none-any.whl", hash = "sha256:427d664bf0b8a2b34ff5dd0f5a18df00591adcee7198fbd71981054cef37b584", size = 431696, upload-time = "2025-01-24T01:42:10.371Z" },
]

[[package]]
name = "pydantic-core"
version = "2.27.2"
source = { registry = "https://pypi.org/simple" }
dependencies = [
    { name = "typing-extensions" },
]
sdist = { url = "https://files.pythonhosted.org/packages/fc/01/f3e5ac5e7c25833db5eb555f7b7ab24cd6f8c322d3a3ad2d67a952dc0abc/pydantic_core-2.27.2.tar.gz", hash = "sha256:eb026e5a4c1fee05726072337ff51d1efb6f59090b7da90d30ea58625b1ffb39", size = 413443, upload-time = "2024-12-18T11:31:54.917Z" }
wheels = [
    { url = "https://files.pythonhosted.org/packages/41/b1/9bc383f48f8002f99104e3acff6cba1231b29ef76cfa45d1506a5cad1f84/pydantic_core-2.27.2-cp313-cp313-macosx_10_12_x86_64.whl", hash = "sha256:7d14bd329640e63852364c306f4d23eb744e0f8193148d4044dd3dacdaacbd8b", size = 1892709, upload-time = "2024-12-18T11:29:03.193Z" },
    { url = "https://files.pythonhosted.org/packages/10/6c/e62b8657b834f3eb2961b49ec8e301eb99946245e70bf42c8817350cbefc/pydantic_core-2.27.2-cp313-cp313-macosx_11_0_arm64.whl", hash = "sha256:82f91663004eb8ed30ff478d77c4d1179b3563df6cdb15c0817cd1cdaf34d154", size = 1811273, upload-time = "2024-12-18T11:29:05.306Z" },
    { url = "https://files.pythonhosted.org/packages/ba/15/52cfe49c8c986e081b863b102d6b859d9defc63446b642ccbbb3742bf371/pydantic_core-2.27.2-cp313-cp313-manylinux_2_17_aarch64.manylinux2014_aarch64.whl", hash = "sha256:71b24c7d61131bb83df10cc7e687433609963a944ccf45190cfc21e0887b08c9", size = 1823027, upload-time = "2024-12-18T11:29:07.294Z" },
    { url = "https://files.pythonhosted.org/packages/b1/1c/b6f402cfc18ec0024120602bdbcebc7bdd5b856528c013bd4d13865ca473/pydantic_core-2.27.2-cp313-cp313-manylinux_2_17_armv7l.manylinux2014_armv7l.whl", hash = "sha256:fa8e459d4954f608fa26116118bb67f56b93b209c39b008277ace29937453dc9", size = 1868888, upload-time = "2024-12-18T11:29:09.249Z" },
    { url = "https://files.pythonhosted.org/packages/bd/7b/8cb75b66ac37bc2975a3b7de99f3c6f355fcc4d89820b61dffa8f1e81677/pydantic_core-2.27.2-cp313-cp313-manylinux_2_17_ppc64le.manylinux2014_ppc64le.whl", hash = "sha256:ce8918cbebc8da707ba805b7fd0b382816858728ae7fe19a942080c24e5b7cd1", size = 2037738, upload-time = "2024-12-18T11:29:11.23Z" },
    { url = "https://files.pythonhosted.org/packages/c8/f1/786d8fe78970a06f61df22cba58e365ce304bf9b9f46cc71c8c424e0c334/pydantic_core-2.27.2-cp313-cp313-manylinux_2_17_s390x.manylinux2014_s390x.whl", hash = "sha256:eda3f5c2a021bbc5d976107bb302e0131351c2ba54343f8a496dc8783d3d3a6a", size = 2685138, upload-time = "2024-12-18T11:29:16.396Z" },
    { url = "https://files.pythonhosted.org/packages/a6/74/d12b2cd841d8724dc8ffb13fc5cef86566a53ed358103150209ecd5d1999/pydantic_core-2.27.2-cp313-cp313-manylinux_2_17_x86_64.manylinux2014_x86_64.whl", hash = "sha256:bd8086fa684c4775c27f03f062cbb9eaa6e17f064307e86b21b9e0abc9c0f02e", size = 1997025, upload-time = "2024-12-18T11:29:20.25Z" },
    { url = "https://files.pythonhosted.org/packages/a0/6e/940bcd631bc4d9a06c9539b51f070b66e8f370ed0933f392db6ff350d873/pydantic_core-2.27.2-cp313-cp313-manylinux_2_5_i686.manylinux1_i686.whl", hash = "sha256:8d9b3388db186ba0c099a6d20f0604a44eabdeef1777ddd94786cdae158729e4", size = 2004633, upload-time = "2024-12-18T11:29:23.877Z" },
    { url = "https://files.pythonhosted.org/packages/50/cc/a46b34f1708d82498c227d5d80ce615b2dd502ddcfd8376fc14a36655af1/pydantic_core-2.27.2-cp313-cp313-musllinux_1_1_aarch64.whl", hash = "sha256:7a66efda2387de898c8f38c0cf7f14fca0b51a8ef0b24bfea5849f1b3c95af27", size = 1999404, upload-time = "2024-12-18T11:29:25.872Z" },
    { url = "https://files.pythonhosted.org/packages/ca/2d/c365cfa930ed23bc58c41463bae347d1005537dc8db79e998af8ba28d35e/pydantic_core-2.27.2-cp313-cp313-musllinux_1_1_armv7l.whl", hash = "sha256:18a101c168e4e092ab40dbc2503bdc0f62010e95d292b27827871dc85450d7ee", size = 2130130, upload-time = "2024-12-18T11:29:29.252Z" },
    { url = "https://files.pythonhosted.org/packages/f4/d7/eb64d015c350b7cdb371145b54d96c919d4db516817f31cd1c650cae3b21/pydantic_core-2.27.2-cp313-cp313-musllinux_1_1_x86_64.whl", hash = "sha256:ba5dd002f88b78a4215ed2f8ddbdf85e8513382820ba15ad5ad8955ce0ca19a1", size = 2157946, upload-time = "2024-12-18T11:29:31.338Z" },
    { url = "https://files.pythonhosted.org/packages/a4/99/bddde3ddde76c03b65dfd5a66ab436c4e58ffc42927d4ff1198ffbf96f5f/pydantic_core-2.27.2-cp313-cp313-win32.whl", hash = "sha256:1ebaf1d0481914d004a573394f4be3a7616334be70261007e47c2a6fe7e50130", size = 1834387, upload-time = "2024-12-18T11:29:33.481Z" },
    { url = "https://files.pythonhosted.org/packages/71/47/82b5e846e01b26ac6f1893d3c5f9f3a2eb6ba79be26eef0b759b4fe72946/pydantic_core-2.27.2-cp313-cp313-win_amd64.whl", hash = "sha256:953101387ecf2f5652883208769a79e48db18c6df442568a0b5ccd8c2723abee", size = 1990453, upload-time = "2024-12-18T11:29:35.533Z" },
    { url = "https://files.pythonhosted.org/packages/51/b2/b2b50d5ecf21acf870190ae5d093602d95f66c9c31f9d5de6062eb329ad1/pydantic_core-2.27.2-cp313-cp313-win_arm64.whl", hash = "sha256:ac4dbfd1691affb8f48c2c13241a2e3b60ff23247cbcf981759c768b6633cf8b", size = 1885186, upload-time = "2024-12-18T11:29:37.649Z" },
]

[[package]]
name = "pygments"
version = "2.20.0"
source = { registry = "https://pypi.org/simple" }
sdist = { url = "https://files.pythonhosted.org/packages/c3/b2/bc9c9196916376152d655522fdcebac55e66de6603a76a02bca1b6414f6c/pygments-2.20.0.tar.gz", hash = "sha256:6757cd03768053ff99f3039c1a36d6c0aa0b263438fcab17520b30a303a82b5f", size = 4955991, upload-time = "2026-03-29T13:29:33.898Z" }
wheels = [
    { url = "https://files.pythonhosted.org/packages/f4/7e/a72dd26f3b0f4f2bf1dd8923c85f7ceb43172af56d63c7383eb62b332364/pygments-2.20.0-py3-none-any.whl", hash = "sha256:81a9e26dd42fd28a23a2d169d86d7ac03b46e2f8b59ed4698fb4785f946d0176", size = 1231151, upload-time = "2026-03-29T13:29:30.038Z" },
]

[[package]]
name = "pyjson5"
version = "2.0.1"
source = { registry = "https://pypi.org/simple" }
sdist = { url = "https://files.pythonhosted.org/packages/f1/9a/3db19560e968d6e85b2a4ddf4b949c6ebf9dd1dcfb5a9f37736f8adeb927/pyjson5-2.0.1.tar.gz", hash = "sha256:a5b0e322e847b198a50d8a1ef16d6b2b19129644dc018d76773e81ef1487ca39", size = 352242, upload-time = "2026-05-15T16:12:54.931Z" }
wheels = [
    { url = "https://files.pythonhosted.org/packages/93/2c/0619f89a9576f335ba63eb851e73ba507480a8c7f28a2e7de2501ed3d303/pyjson5-2.0.1-cp313-cp313-macosx_10_13_universal2.whl", hash = "sha256:8a661d292801b38434d5288bf7329f9b50b3a693b1d2941c7595175842692eba", size = 301821, upload-time = "2026-05-15T16:09:28.721Z" },
    { url = "https://files.pythonhosted.org/packages/91/31/7824913ec71e7421d6a57bc06228f3e2d946d8e8f738f898572dded0dc57/pyjson5-2.0.1-cp313-cp313-macosx_10_13_x86_64.whl", hash = "sha256:1cb5c1c066038ce6e1922d9d5be23f5cd14d5b5a3c96e6358aa5d0e379014a93", size = 158201, upload-time = "2026-05-15T16:09:30.261Z" },
    { url = "https://files.pythonhosted.org/packages/bc/7d/4ddb249563a838425242342d2cf67976ccc292a831b543a92fa1a8a83b11/pyjson5-2.0.1-cp313-cp313-macosx_11_0_arm64.whl", hash = "sha256:7417eab751817fa5f070e41975d9df4aec3532d21389073318161f63cd96d636", size = 153244, upload-time = "2026-05-15T16:09:32.04Z" },
    { url = "https://files.pythonhosted.org/packages/02/39/7622416ac0570d9ce377447bd5b2ec9383c1282e63cc6d0b65779f1336fa/pyjson5-2.0.1-cp313-cp313-manylinux1_i686.manylinux_2_28_i686.manylinux_2_5_i686.whl", hash = "sha256:cc4802093b4ab9039367774988486fd04754cf416c32aebf94a94bafd8b8a478", size = 185568, upload-time = "2026-05-15T16:09:33.719Z" },
    { url = "https://files.pythonhosted.org/packages/d8/90/2f317da231477b77481020d79c73bbe10625e4925ceeae77603726ef1763/pyjson5-2.0.1-cp313-cp313-manylinux2014_aarch64.manylinux_2_17_aarch64.manylinux_2_28_aarch64.whl", hash = "sha256:bc3181274ed19ecb2315cf85a499bf83002554f42c72453666c616059d665a7b", size = 163169, upload-time = "2026-05-15T16:09:34.865Z" },
    { url = "https://files.pythonhosted.org/packages/02/b3/20023c3cfe2f2c2523007d7031b5b7ad7ccd8856d2665547683cebaa6f8e/pyjson5-2.0.1-cp313-cp313-manylinux2014_armv7l.manylinux_2_17_armv7l.manylinux_2_31_armv7l.whl", hash = "sha256:5398306b8aa253e620af9ed8085767de9cd28d6846da45e535e80fcffa9f33d7", size = 166514, upload-time = "2026-05-15T16:09:36.383Z" },
    { url = "https://files.pythonhosted.org/packages/e2/1c/b863e502153477b2845a54b688b72436457aca5107b300fca95e98184551/pyjson5-2.0.1-cp313-cp313-manylinux2014_ppc64le.manylinux_2_17_ppc64le.manylinux_2_28_ppc64le.whl", hash = "sha256:b97b592287d52a6ec5af84dca94aab02b185f72f8ddb6fc99c58efb8891be5cd", size = 179907, upload-time = "2026-05-15T16:09:38.166Z" },
    { url = "https://files.pythonhosted.org/packages/fc/b2/413fcb76632e5f6fa89a2ec83976755b5bb4696c6d9eca9ff3c70cd717b6/pyjson5-2.0.1-cp313-cp313-manylinux2014_s390x.manylinux_2_17_s390x.manylinux_2_28_s390x.whl", hash = "sha256:4efbf5e910a3aa6f330a92d1ae940dda5ed662976ed5056526baaf2e1821f95d", size = 187171, upload-time = "2026-05-15T16:09:39.624Z" },
    { url = "https://files.pythonhosted.org/packages/d6/11/66151b819407ab589aef36582038257f1ef42dc065e3423b3d8274f4fcd2/pyjson5-2.0.1-cp313-cp313-manylinux2014_x86_64.manylinux_2_17_x86_64.manylinux_2_28_x86_64.whl", hash = "sha256:0e042f9b869e7f21d5f53a2638e5d0cf1daaba2342127c8777c502daf972602e", size = 175564, upload-time = "2026-05-15T16:09:41.356Z" },
    { url = "https://files.pythonhosted.org/packages/f2/98/deb70690dab994474ea527cba91f43ae55928bcff498c441e812b60fc1e2/pyjson5-2.0.1-cp313-cp313-manylinux_2_31_riscv64.manylinux_2_39_riscv64.whl", hash = "sha256:26074370d7a6dd38b6e8c28a2f10c790fc6dec938ec22ec3de6c93c97d195f10", size = 171530, upload-time = "2026-05-15T16:09:42.78Z" },
    { url = "https://files.pythonhosted.org/packages/a9/be/969752a3a052d00698b6e1dd926c627d7a6475a7c8dd390db148363544f8/pyjson5-2.0.1-cp313-cp313-musllinux_1_2_aarch64.whl", hash = "sha256:3cb163a495096716a7a01d052b60bda0308ecfaeddcb2d50a247ba9d707e3e40", size = 1145510, upload-time = "2026-05-15T16:09:45.005Z" },
    { url = "https://files.pythonhosted.org/packages/d0/be/4c5c92cdda5a911ee4450a74281782335e7ce6715638308322beb96be639/pyjson5-2.0.1-cp313-cp313-musllinux_1_2_armv7l.whl", hash = "sha256:5fdd66bdddc2d53421ab7427bedcd2ca9b2f1b4b3b464381aa60d305c94be38c", size = 1010114, upload-time = "2026-05-15T16:09:47.081Z" },
    { url = "https://files.pythonhosted.org/packages/89/1e/72283bc505d77dcdab7eaeb0020cf0fd79a05d2991e886d1fcfa73e88ae1/pyjson5-2.0.1-cp313-cp313-musllinux_1_2_i686.whl", hash = "sha256:4ad222a3eff1cc93f9b70894c5f3d2ff5e46531e88feaa4818e329d5f3ae4307", size = 1322915, upload-time = "2026-05-15T16:09:48.885Z" },
    { url = "https://files.pythonhosted.org/packages/06/b4/94a09e744a6bb6e76108b61a28a7cc5ecab1b8105cacde7548359b3b74a3/pyjson5-2.0.1-cp313-cp313-musllinux_1_2_ppc64le.whl", hash = "sha256:63f5cf25113dd1bf3bfeda211d99413e58ec6b9036ff34f7b69f85f23695e9c4", size = 1240126, upload-time = "2026-05-15T16:09:50.638Z" },
    { url = "https://files.pythonhosted.org/packages/af/29/4549380cae425ee112f3c154606c35f5211c12ddf415f079c2b23f2d493b/pyjson5-2.0.1-cp313-cp313-musllinux_1_2_riscv64.whl", hash = "sha256:b0001eecce9080e6c170e978786501e8931e2075a3d15f5260e1bdd6a45e8976", size = 1178022, upload-time = "2026-05-15T16:09:52.639Z" },
    { url = "https://files.pythonhosted.org/packages/1c/1a/5a8a869e855645858e45dbd077204cec3a85b2f2e669bc3c8cefe9c4a70e/pyjson5-2.0.1-cp313-cp313-musllinux_1_2_s390x.whl", hash = "sha256:40371c73cc83ed81914028786a6cc5950bdf300ae82443df83a5dfa80c582fca", size = 1355161, upload-time = "2026-05-15T16:09:55.177Z" },
    { url = "https://files.pythonhosted.org/packages/82/32/827066cd946447648275a892f494f4572d78e6a79d877fa6b6c14af599d8/pyjson5-2.0.1-cp313-cp313-musllinux_1_2_x86_64.whl", hash = "sha256:c9dca542eeb6e8fbbc1fe3373bfd18ae6250f1aedc78f39242ac12c8837091b8", size = 1208864, upload-time = "2026-05-15T16:09:56.919Z" },
    { url = "https://files.pythonhosted.org/packages/2d/cc/a9bc12aff47d8bfd3074a21e3fb056ec0028fac28f8ec7e0fe4449d050f5/pyjson5-2.0.1-cp313-cp313-win32.whl", hash = "sha256:d30c8b2c91d530be475a8fab6dde8c3bcd3e89b999c9e0f05aec2bf2c24b0638", size = 115461, upload-time = "2026-05-15T16:10:30.711Z" },
    { url = "https://files.pythonhosted.org/packages/c9/c7/fa3fc956fbc3fa6250c8b99ef75a8f52b691780fca1bfb368340283bd898/pyjson5-2.0.1-cp313-cp313-win_amd64.whl", hash = "sha256:67f8f5b8d3e3b2ca5f618c928729986aa00fb588c476c0d0d3a151633ff41e0d", size = 135836, upload-time = "2026-05-15T16:10:32.062Z" },
    { url = "https://files.pythonhosted.org/packages/f0/0a/e457b20d1e36a766d3ccd09c418b7ef41acabb679ff2248bb1cd38247ce6/pyjson5-2.0.1-cp313-cp313-win_arm64.whl", hash = "sha256:bdf30ce5b1242f63254d936b30af75cae237fab0ee71cc2544163c82b6bc9201", size = 116652, upload-time = "2026-05-15T16:10:33.39Z" },
    { url = "https://files.pythonhosted.org/packages/2b/4c/6266789e615576b62d2db6de26a3b4b8f4cc7a8ff23fe24e48363bca1682/pyjson5-2.0.1-cp313-cp313t-macosx_10_13_universal2.whl", hash = "sha256:954c14d40022fa40e0d36e0ebd337e9e90fd71145592d25a0e2868344e3daca0", size = 320487, upload-time = "2026-05-15T16:09:58.38Z" },
    { url = "https://files.pythonhosted.org/packages/dc/75/c4a563034805e20b274fe4db963e1d480001931d88fe70b7d082033b7dcb/pyjson5-2.0.1-cp313-cp313t-macosx_10_13_x86_64.whl", hash = "sha256:f57529b98d21e8b76f8bc51af9d3c3057dd04a92287fd21ef7ec55255ca6f5c5", size = 166879, upload-time = "2026-05-15T16:09:59.849Z" },
    { url = "https://files.pythonhosted.org/packages/f3/d2/5e6ec3580379794e9a99a402465f74586e93e93814974172202d1254fa89/pyjson5-2.0.1-cp313-cp313t-macosx_11_0_arm64.whl", hash = "sha256:545b655ef0b59f39fc29e2b63b4dadd45e447ad77bad2fdca859ff4db69e21f5", size = 162235, upload-time = "2026-05-15T16:10:01.147Z" },
    { url = "https://files.pythonhosted.org/packages/5b/48/b2d0e868ef8375eb0696ddc74f71028fc4fcd26cdddaeb34485214f2dc87/pyjson5-2.0.1-cp313-cp313t-manylinux1_i686.manylinux_2_28_i686.manylinux_2_5_i686.whl", hash = "sha256:b519de49dd4cbf254179749e5c6bfe9bd8fd1f97e7755bff2e17cc6f79f85aa5", size = 182162, upload-time = "2026-05-15T16:10:02.523Z" },
    { url = "https://files.pythonhosted.org/packages/ce/18/fed02a3d68c3badb87394e8420b72d7cb165ade208c1e02561637409aa99/pyjson5-2.0.1-cp313-cp313t-manylinux2014_aarch64.manylinux_2_17_aarch64.manylinux_2_28_aarch64.whl", hash = "sha256:de48fbd0466c114c17f408be7bcbc5b3aedeb29ff5f73187022915e6d5eb7817", size = 169487, upload-time = "2026-05-15T16:10:03.876Z" },
    { url = "https://files.pythonhosted.org/packages/8b/90/dc897332dda24e949828616e8e74d7937b587a56789f3aca148fcadddde2/pyjson5-2.0.1-cp313-cp313t-manylinux2014_armv7l.manylinux_2_17_armv7l.manylinux_2_31_armv7l.whl", hash = "sha256:fe6516ff9ab94368c18ff8ac0ebdb53fac9e047da093d43e67d5e7cd98cdd0bf", size = 164128, upload-time = "2026-05-15T16:10:05.588Z" },
    { url = "https://files.pythonhosted.org/packages/39/09/90104baeab58adfe63bda804174ef1806b1cabb1692e047fabc2f4aa1799/pyjson5-2.0.1-cp313-cp313t-manylinux2014_ppc64le.manylinux_2_17_ppc64le.manylinux_2_28_ppc64le.whl", hash = "sha256:ea7aadacac7ac6661117b708175f6beff75e132322c08bbf3794d8ec4ba572b4", size = 184306, upload-time = "2026-05-15T16:10:06.986Z" },
    { url = "https://files.pythonhosted.org/packages/89/73/613efc3cdab5cf9ec399e6c5a0463b672e5f5cbd693a3a4d82cbdda19476/pyjson5-2.0.1-cp313-cp313t-manylinux2014_s390x.manylinux_2_17_s390x.manylinux_2_28_s390x.whl", hash = "sha256:e5c339bcac113dfc30a1f88f23af273d67bb6169abee1684c0dd27daa71a32f9", size = 192239, upload-time = "2026-05-15T16:10:08.727Z" },
    { url = "https://files.pythonhosted.org/packages/47/2a/17b97e02b37ab9353fc9713e56470be3d2539501ed18d6c676cfbcd0a57c/pyjson5-2.0.1-cp313-cp313t-manylinux2014_x86_64.manylinux_2_17_x86_64.manylinux_2_28_x86_64.whl", hash = "sha256:075de0f1e5e0ffee174a8941b5d9d8af632772a6e5eebe92fb0899db7f6ab7fa", size = 177652, upload-time = "2026-05-15T16:10:10.19Z" },
    { url = "https://files.pythonhosted.org/packages/1c/43/a05331ba88fd1aa09ca418548c6b06692e34b2a64b109bb363e01ecafdeb/pyjson5-2.0.1-cp313-cp313t-manylinux_2_31_riscv64.manylinux_2_39_riscv64.whl", hash = "sha256:c463c9bf508c1d316191898a3c0bfc03dd3de67bdc02f480b0742ac5c859eaeb", size = 174860, upload-time = "2026-05-15T16:10:11.976Z" },
    { url = "https://files.pythonhosted.org/packages/2e/00/5d253751f4d27b7e63fdfd765041593fa588395f45b9cea496878d964448/pyjson5-2.0.1-cp313-cp313t-musllinux_1_2_aarch64.whl", hash = "sha256:54427c8cad0c1a516bad5b4457167cde1e7ef7ee563e28a944f59b3c7413b6a0", size = 1151556, upload-time = "2026-05-15T16:10:13.608Z" },
    { url = "https://files.pythonhosted.org/packages/9c/f7/a30eed477295e92dfd59553063cf82bf510a7052efc7720c9c50d0082fdb/pyjson5-2.0.1-cp313-cp313t-musllinux_1_2_armv7l.whl", hash = "sha256:ca04839cecd364cb53de7ebcd81fd5915193707d968730ea1c8d4ff5c9c2f1a8", size = 1012330, upload-time = "2026-05-15T16:10:15.171Z" },
    { url = "https://files.pythonhosted.org/packages/9c/60/80818fad90a99336f8bfc686d76d0b2d7c8bb51e8de5d031620fa1a2d7a1/pyjson5-2.0.1-cp313-cp313t-musllinux_1_2_i686.whl", hash = "sha256:13a2de8b14aeb576b1623c8af419510bf871b8d9cc2308db41a46bcc94d00f2f", size = 1320970, upload-time = "2026-05-15T16:10:16.863Z" },
    { url = "https://files.pythonhosted.org/packages/7c/3f/090eb3e0971d067defb58bbfd738f74a09be495c6f4f00d5d76a10755bca/pyjson5-2.0.1-cp313-cp313t-musllinux_1_2_ppc64le.whl", hash = "sha256:c8a689f5252e9791bfbc8fa916999202556a1e8c7b24dfd72de1ad84c493e10a", size = 1244775, upload-time = "2026-05-15T16:10:19.416Z" },
    { url = "https://files.pythonhosted.org/packages/61/38/e7546ad733affe51a5462bad21bceb4fd659baf24930bd141627ce56279b/pyjson5-2.0.1-cp313-cp313t-musllinux_1_2_riscv64.whl", hash = "sha256:3dc0c2c80fd9d1e4c26f8b6c91a54d38b48648b93ae3f09355856c75fda3e460", size = 1182149, upload-time = "2026-05-15T16:10:21.696Z" },
    { url = "https://files.pythonhosted.org/packages/90/2c/016647580d8a82ee53b4cb9ddb96deb4b157ccea9624bba61de4aa2cd25c/pyjson5-2.0.1-cp313-cp313t-musllinux_1_2_s390x.whl", hash = "sha256:13d78b3e2c60b81bd7e6b00e6ab24a664ba1fd64b5d86baa65c4cdfae1fff7ae", size = 1358579, upload-time = "2026-05-15T16:10:23.649Z" },
    { url = "https://files.pythonhosted.org/packages/01/45/8b84ff7a0c4d8c12a76e097c67af62abe986a18d1ab2540764dd6eaa0253/pyjson5-2.0.1-cp313-cp313t-musllinux_1_2_x86_64.whl", hash = "sha256:a7b640dbeabbd7d975170f793f90a7500cc5d510aeae9364a1bc558bcc5336ed", size = 1211015, upload-time = "2026-05-15T16:10:25.4Z" },
    { url = "https://files.pythonhosted.org/packages/cf/48/d8f34de7a7319f5966bdfd10f133e689ba01f138d2040bf792f1ca8b18e1/pyjson5-2.0.1-cp313-cp313t-win32.whl", hash = "sha256:46e7c5525034fde8abf3aaf100ed7660c1b618ccd3205544ed7c99e4c55cf201", size = 131660, upload-time = "2026-05-15T16:10:26.747Z" },
    { url = "https://files.pythonhosted.org/packages/06/aa/0bd437252134115a846ffc061078c85f8e8c325c86abcaa862c134d3c57e/pyjson5-2.0.1-cp313-cp313t-win_amd64.whl", hash = "sha256:207c00e7f9641e0358bdc848a1c0610f26f2e8bd51d73bd64e5a0ab3b725f1d8", size = 157717, upload-time = "2026-05-15T16:10:28.053Z" },
    { url = "https://files.pythonhosted.org/packages/24/61/7849b04a0dc78f73905189400ac99c45de8eec2ec451ce9c6990fb3588e5/pyjson5-2.0.1-cp313-cp313t-win_arm64.whl", hash = "sha256:4917d5b6186bfa48ec4d85326e2a09769a5f7844963307ab2710429e1f743264", size = 126281, upload-time = "2026-05-15T16:10:29.378Z" },
]

[[package]]
name = "pyodide-cli"
version = "0.5.0"
source = { registry = "https://pypi.org/simple" }
dependencies = [
    { name = "click" },
    { name = "rich" },
]
sdist = { url = "https://files.pythonhosted.org/packages/f1/44/fe74049e3e776bd56fae8bd9370900d6d6dc5e541299ae90cb2330a9a8a4/pyodide_cli-0.5.0.tar.gz", hash = "sha256:14df0797e791558b6976d4612f9df9619334f8914bfe3efbdd22e3886f5275b7", size = 12630, upload-time = "2026-01-28T03:29:06.623Z" }
wheels = [
    { url = "https://files.pythonhosted.org/packages/4a/07/76977bbd73c686df55fbc3685c6c336158dc11b2ba155abe3e3a802447b2/pyodide_cli-0.5.0-py3-none-any.whl", hash = "sha256:24c02736f1d6c99396f5e9330fd30bd98db88cf49ef059b62b025fa1f5f6e29c", size = 12684, upload-time = "2026-01-28T03:29:05.527Z" },
]

[[package]]
name = "pyodide-py"
version = "0.29.4"
source = { registry = "https://pypi.org/simple" }
sdist = { url = "https://files.pythonhosted.org/packages/57/85/db25e6a10a2600cb96e4ebe423ada255aa738b991fd8843776ebe4f3173f/pyodide_py-0.29.4.tar.gz", hash = "sha256:2ef83817457364fd1a3dc42bfd0617350244776c8b9f7e37f17efcbc38e3bf0a", size = 58868, upload-time = "2026-05-07T15:14:45.97Z" }
wheels = [
    { url = "https://files.pythonhosted.org/packages/b2/03/7805e80a7d9824b03fe40b1c7c4192250f1ea231ee49a57ada62f736c506/pyodide_py-0.29.4-py3-none-any.whl", hash = "sha256:5df0615640e39d3b365da8b8fd653ec0af5361aef28275ded2218af773d766d1", size = 66013, upload-time = "2026-05-07T15:14:44.637Z" },
]

[[package]]
name = "pytest"
version = "9.1.1"
source = { registry = "https://pypi.org/simple" }
dependencies = [
    { name = "colorama", marker = "sys_platform == 'win32'" },
    { name = "iniconfig" },
    { name = "packaging" },
    { name = "pluggy" },
    { name = "pygments" },
]
sdist = { url = "https://files.pythonhosted.org/packages/e4/47/b9efed96c114afcfa3c9d3fe98a76a1d14c74a9e266d397cf6eb64be5e01/pytest-9.1.1.tar.gz", hash = "sha256:1088fbde8f2b49d95a549a195707afa7a76a3ce9bcadc26b6d71f0ffda5fe313", size = 1636369, upload-time = "2026-06-19T10:58:32.857Z" }
wheels = [
    { url = "https://files.pythonhosted.org/packages/24/25/1de2678b631f5a49215c6c96fff41ba892b0a34df68d6d80292b1b48aa7f/pytest-9.1.1-py3-none-any.whl", hash = "sha256:37a86b45efb9a47a61a36449063e8e18d0cab3161329fc099eb21783169c4f0c", size = 386536, upload-time = "2026-06-19T10:58:31.347Z" },
]

[[package]]
name = "pytest-asyncio"
version = "1.4.0"
source = { registry = "https://pypi.org/simple" }
dependencies = [
    { name = "pytest" },
]
sdist = { url = "https://files.pythonhosted.org/packages/43/7c/d36d04db312ecf4298932ef77e6e4a9e8ad017906e24e34f0b0c361a2473/pytest_asyncio-1.4.0.tar.gz", hash = "sha256:c6c0d2259945122819f171a32ecea2c349ead889ee28176caaf492143424be42", size = 58514, upload-time = "2026-05-26T09:56:04.083Z" }
wheels = [
    { url = "https://files.pythonhosted.org/packages/03/e2/08a497ef684b88559c9cc5f4ad53a37e7b99e727094a86d6ea32536d5d3c/pytest_asyncio-1.4.0-py3-none-any.whl", hash = "sha256:933ca923a23075a87fb7070c0ec272a6848489824d887c85c812670932835aa1", size = 16930, upload-time = "2026-05-26T09:56:02.576Z" },
]

[[package]]
name = "rich"
version = "15.0.0"
source = { registry = "https://pypi.org/simple" }
dependencies = [
    { name = "markdown-it-py" },
    { name = "pygments" },
]
sdist = { url = "https://files.pythonhosted.org/packages/c0/8f/0722ca900cc807c13a6a0c696dacf35430f72e0ec571c4275d2371fca3e9/rich-15.0.0.tar.gz", hash = "sha256:edd07a4824c6b40189fb7ac9bc4c52536e9780fbbfbddf6f1e2502c31b068c36", size = 230680, upload-time = "2026-04-12T08:24:00.75Z" }
wheels = [
    { url = "https://files.pythonhosted.org/packages/82/3b/64d4899d73f91ba49a8c18a8ff3f0ea8f1c1d75481760df8c68ef5235bf5/rich-15.0.0-py3-none-any.whl", hash = "sha256:33bd4ef74232fb73fe9279a257718407f169c09b78a87ad3d296f548e27de0bb", size = 310654, upload-time = "2026-04-12T08:24:02.83Z" },
]

[[package]]
name = "ruff"
version = "0.16.3"
source = { registry = "https://pypi.org/simple" }
sdist = { url = "https://files.pythonhosted.org/packages/61/b3/3213589383f8f1b3938781bd1278713f6d18621a14992b3e81fefb8a5ef9/ruff-0.16.3.tar.gz", hash = "sha256:e76d33a347661a84b5be6d043d0347fdc745dfdcf825a8f4fed64b5e26eebdf2", size = 4891904, upload-time = "2026-08-13T15:17:13.381Z" }
wheels = [
    { url = "https://files.pythonhosted.org/packages/bf/96/493770daebd68c0a67f1549fdf519f53be51fc435186c0585bcc272fd76c/ruff-0.16.3-py3-none-linux_armv6l.whl", hash = "sha256:0c5710e247a58a4521e66e124ba9a74655b414f61ba3a2e9e3811e11098f48f7", size = 10902799, upload-time = "2026-08-13T15:16:27.382Z" },
    { url = "https://files.pythonhosted.org/packages/5e/e6/2becf3942fddc29a29b8df47691d456fb1085391a694f74d84513251418c/ruff-0.16.3-py3-none-macosx_10_12_x86_64.whl", hash = "sha256:fe155130631a2471fd2e14a7a664a4dfbd7194b8229c3d7b2a40b21178639081", size = 11135539, upload-time = "2026-08-13T15:16:30.87Z" },
    { url = "https://files.pythonhosted.org/packages/3e/1e/4b8b72f0d006dbf19326aa99f9ca0ee2ff374187c4d301cf529a51aa06fe/ruff-0.16.3-py3-none-macosx_11_0_arm64.whl", hash = "sha256:e2ed719e14aa64d895c2ee922594a90a43c861a93f0575a95ff8c47cdbd13eb9", size = 10475095, upload-time = "2026-08-13T15:16:33.259Z" },
    { url = "https://files.pythonhosted.org/packages/92/32/2201fa49ba1f6c101ee321e83f051ac7a4b8d07b0ef6b4d3f2772b302275/ruff-0.16.3-py3-none-manylinux_2_17_aarch64.manylinux2014_aarch64.whl", hash = "sha256:9e0b1da805eb043654645d74d5de1e5ce2edc686e40790d2b86f56d71cc06a84", size = 10668771, upload-time = "2026-08-13T15:16:35.65Z" },
    { url = "https://files.pythonhosted.org/packages/c3/66/4afc5c8363bd04d45effce1b7c8713ca037d7a6740b7451a2403a6e3a972/ruff-0.16.3-py3-none-manylinux_2_17_armv7l.manylinux2014_armv7l.whl", hash = "sha256:a37bdea0bbe21780f590bf437d6412c8c4e1b6cd010f91a65c2c40c5e5f5f870", size = 10699568, upload-time = "2026-08-13T15:16:38.195Z" },
    { url = "https://files.pythonhosted.org/packages/53/fd/c67d246bf36bf1698551c56de39e95cd07f70e64433e0098e6267d77061b/ruff-0.16.3-py3-none-manylinux_2_17_i686.manylinux2014_i686.whl", hash = "sha256:09571e6d1288ed9be475207a3ac04ada404f1cd898104be0f6ab8d7df438575b", size = 11499365, upload-time = "2026-08-13T15:16:40.623Z" },
    { url = "https://files.pythonhosted.org/packages/67/0b/00ecbceb99a263af7b12f6f05ac3c92bc47b905e91adc3f207a836e3bc01/ruff-0.16.3-py3-none-manylinux_2_17_ppc64le.manylinux2014_ppc64le.whl", hash = "sha256:2c18c5a101eb540010638cc1ff3c84944d3adb3df62b8d98ca8f22ba484d3413", size = 12311728, upload-time = "2026-08-13T15:16:43.564Z" },
    { url = "https://files.pythonhosted.org/packages/54/b2/b7b3bb54f4d3f7db504e476ad4ab8de530dceebe2c061384b2757ee419e8/ruff-0.16.3-py3-none-manylinux_2_17_s390x.manylinux2014_s390x.whl", hash = "sha256:8457c44f15033c85ddbb77b15d451df9e24e4bd03b628396dd3610cedc3b8f82", size = 11699896, upload-time = "2026-08-13T15:16:46.209Z" },
    { url = "https://files.pythonhosted.org/packages/c7/30/4c468429ac195addc5ee1b717b6ab1b66632786737ca3b2ed3443fb0c26a/ruff-0.16.3-py3-none-manylinux_2_17_x86_64.manylinux2014_x86_64.whl", hash = "sha256:294b95c4ae0cda9388525c2047778aa758d6b8d4bb876fd4e9eaa3ebc92343eb", size = 11058736, upload-time = "2026-08-13T15:16:48.823Z" },
    { url = "https://files.pythonhosted.org/packages/43/67/7a113cdaddf24b64d7f75b1242a99d04c82fcef4f6921fdbb832beaffb5f/ruff-0.16.3-py3-none-manylinux_2_31_riscv64.whl", hash = "sha256:3d0c7c40c87c2a820509c31ba007968da6e1306468c067b2d82fbfdbcd0e8474", size = 11586911, upload-time = "2026-08-13T15:16:51.913Z" },
    { url = "https://files.pythonhosted.org/packages/f1/c1/2e66f24c0f3ead25a5e660111778685e505e5da353c82802bf49f0cbe7b9/ruff-0.16.3-py3-none-musllinux_1_2_aarch64.whl", hash = "sha256:9f738c0fdfa8eed0b2ce7fb27ee7258208a92a68d7949e62aa15164bc7b389da", size = 10954265, upload-time = "2026-08-13T15:16:54.763Z" },
    { url = "https://files.pythonhosted.org/packages/c2/ba/4cee23bf52cba9a058d3726de623624daf50ef9638868edd86f4126157f6/ruff-0.16.3-py3-none-musllinux_1_2_armv7l.whl", hash = "sha256:fb785f0be25abe69d320415cd4f833b59e17ba7613d9ba6a958023b6bceb0a50", size = 10709886, upload-time = "2026-08-13T15:16:57.339Z" },
    { url = "https://files.pythonhosted.org/packages/82/df/7da7194fa5d9dc0a285f7e6fa5a4722e7c63faac0b45b614ded9314363a1/ruff-0.16.3-py3-none-musllinux_1_2_i686.whl", hash = "sha256:c5536e3acfbf9563085aa2be7b13c629c3077e902afc5b941ac44024dbb9f506", size = 11210392, upload-time = "2026-08-13T15:17:00.171Z" },
    { url = "https://files.pythonhosted.org/packages/35/85/7795f6e817af050e7517bf3e7aa9b061cce70ef33d280aad902c956c1ecf/ruff-0.16.3-py3-none-musllinux_1_2_x86_64.whl", hash = "sha256:a2d85c02f9b8e165d85e6779184d38c4132de12603dab59c51c28e22584f9e4d", size = 11626910, upload-time = "2026-08-13T15:17:03.299Z" },
    { url = "https://files.pythonhosted.org/packages/78/9b/475b927cf27a5cbbda3c7bafb69ed6ff77e1d7923d5d85f17c2749d7ae32/ruff-0.16.3-py3-none-win32.whl", hash = "sha256:388cdf2166642bd9b13d52b5932d3170f34f8abed7e8d9a855f1d84b83645a0a", size = 10931415, upload-time = "2026-08-13T15:17:05.726Z" },
    { url = "https://files.pythonhosted.org/packages/b2/99/e2a2bfc4fbf0a1e8a916bc9ebe6fe6c58cc34c28e0ffc6ce281d572d1c2e/ruff-0.16.3-py3-none-win_amd64.whl", hash = "sha256:e80a7d69ca2a6d1c4d352ec91458cdca6e56c83cdbcabd93e4abe1e53591d948", size = 11445993, upload-time = "2026-08-13T15:17:08.353Z" },
    { url = "https://files.pythonhosted.org/packages/69/3e/4132e539aed78c148854d4997a2685b0ed4dc4e87110b59ce528564e184e/ruff-0.16.3-py3-none-win_arm64.whl", hash = "sha256:b8ca152da82c1acc1fa8d5874b15951935f0eef46f10e6954c83859011b6178a", size = 11399302, upload-time = "2026-08-13T15:17:10.908Z" },
]

[[package]]
name = "starlette"
version = "1.6.0"
source = { registry = "https://pypi.org/simple" }
dependencies = [
    { name = "anyio" },
]
sdist = { url = "https://files.pythonhosted.org/packages/b5/b4/205b0d5241d934e8add0c38aa924c4f9fb7330834ff11e5444db964ec3f9/starlette-1.6.0.tar.gz", hash = "sha256:d4e3ac5e546444960c710297a3c9fc3f7ebae1b7e963f3d36173b49da535be9b", size = 2716969, upload-time = "2026-08-08T18:27:57.512Z" }
wheels = [
    { url = "https://files.pythonhosted.org/packages/c8/cb/6a6a47d5b464bd08695d254f3da6e7986cc70c9fa5d778eda57538edfe56/starlette-1.6.0-py3-none-any.whl", hash = "sha256:a86dd39d14bb45f85a3d18525215a9ef0cfd1f192ac793220e72598c90335f0c", size = 75969, upload-time = "2026-08-08T18:27:56.196Z" },
]

[[package]]
name = "typing-extensions"
version = "4.16.0"
source = { registry = "https://pypi.org/simple" }
sdist = { url = "https://files.pythonhosted.org/packages/f6/cc/6253133b5bb138fc3306cebfbda2c520f545d36b5be2c7255cc528bb45d6/typing_extensions-4.16.0.tar.gz", hash = "sha256:dc983d19a509c94dba722ee6abd33940f7c05a89e243c47e907eb4db6f1a43e5", size = 113555, upload-time = "2026-07-02T08:40:05.92Z" }
wheels = [
    { url = "https://files.pythonhosted.org/packages/49/d3/b8441a820a491ddfc024b0b0cf0393375b75ea13866d9c66727e54c2fc80/typing_extensions-4.16.0-py3-none-any.whl", hash = "sha256:481caa481374e813c1b176ada14e97f1f67a4539ce9cfeb3f350d78d6370c2e8", size = 45571, upload-time = "2026-07-02T08:40:04.659Z" },
]

[[package]]
name = "typing-inspection"
version = "0.4.4"
source = { registry = "https://pypi.org/simple" }
dependencies = [
    { name = "typing-extensions" },
]
sdist = { url = "https://files.pythonhosted.org/packages/a3/26/b09b8010994eccc3c09092e6b34058f36a460eea2d4c3e8b910c695975a0/typing_inspection-0.4.4.tar.gz", hash = "sha256:547274fa6b0a561ccf549cc9524b999a578e737d015d8709d021f9d0d13bea47", size = 76928, upload-time = "2026-08-12T12:37:25.997Z" }
wheels = [
    { url = "https://files.pythonhosted.org/packages/67/81/4add07e5172b7ac40d8ed5ff580409a7801a4fe26d529bdd915401dabfbe/typing_inspection-0.4.4-py3-none-any.whl", hash = "sha256:65b8397ba37ccbce054456aaccddfc91e6e3083c92824df348d96ca832f3f147", size = 14750, upload-time = "2026-08-12T12:37:24.648Z" },
]

[[package]]
name = "workers-py"
version = "1.16.4"
source = { registry = "https://pypi.org/simple" }
dependencies = [
    { name = "click" },
    { name = "pyjson5" },
    { name = "pyodide-cli" },
    { name = "pyodide-py" },
    { name = "rich" },
    { name = "workers-runtime-sdk" },
]
sdist = { url = "https://files.pythonhosted.org/packages/85/c7/2a648f0e1dae7033ae543c44514d8f45ebf16aa59a08a87baa4b1d5acc00/workers_py-1.16.4.tar.gz", hash = "sha256:40792c9ba9f5b420ded179c0e21865b8f0eed71bbb44fa190a011c7f89747434", size = 68072, upload-time = "2026-08-13T16:10:04.015Z" }
wheels = [
    { url = "https://files.pythonhosted.org/packages/13/6a/235fd04bc727a00bb0c692fb94e9de67af1da3769c7c2a1f735958590ed9/workers_py-1.16.4-py3-none-any.whl", hash = "sha256:e1e07f2204cd7a5d335b6a66c726e6d45ed6c0357cf1b214c5edc30e3e1f2fb4", size = 16540, upload-time = "2026-08-13T16:10:02.684Z" },
]

[[package]]
name = "workers-runtime-sdk"
version = "1.6.13"
source = { registry = "https://pypi.org/simple" }
sdist = { url = "https://files.pythonhosted.org/packages/1e/08/cbb240b7ae4b468c196b06304f15b6f1297a7b19864711ab7fdbd0e681fd/workers_runtime_sdk-1.6.13.tar.gz", hash = "sha256:26262b49696252f4216cc8f95d35f51bb8dd3e9ba83c9b36df735fcc4966ab87", size = 120289, upload-time = "2026-08-12T03:35:58.751Z" }
wheels = [
    { url = "https://files.pythonhosted.org/packages/49/bc/2f676f7f4b0ffadc3737098f12ae3ad02b47003b17d2bc3657c9e8c526bc/workers_runtime_sdk-1.6.13-py3-none-any.whl", hash = "sha256:bc76862651bea761ed14bce80afce104e2d8e73cae8b1069e76c789c38a8308d", size = 34448, upload-time = "2026-08-12T03:35:57.376Z" },
]
